{
  "name": "BeautyRemedies",
  "requires": true,
  "lockfileVersion": 1,
  "dependencies": {
    "semantic-ui-card": {
      "version": "2.2.12",
      "resolved": "https://registry.npmjs.org/semantic-ui-card/-/semantic-ui-card-2.2.12.tgz",
      "integrity": "sha512-OwUSxCxMFzY4A+FLblzbHxeU30xhKJscUrZ9yRKpktO7xo60JoyefO4MfUQ9Sz7IN/mKy+bGUr7Ey1y+TOU+xA=="
    },
    "semantic-ui-css": {
      "version": "2.2.12",
      "resolved": "https://registry.npmjs.org/semantic-ui-css/-/semantic-ui-css-2.2.12.tgz",
      "integrity": "sha512-RrA3k6hya+kEMDmVLT38SBTDQD8FgdnFi16eMPuQ1N1xUOoBxKzr+HZASb7Zo3xlMvkYqEWvPIp58Wjl6Zcsfg==",
      "requires": {
        "jquery": "3.2.1"
      },
      "dependencies": {
        "jquery": {
          "version": "3.2.1",
          "resolved": "https://registry.npmjs.org/jquery/-/jquery-3.2.1.tgz",
          "integrity": "sha1-XE2d5lKvbNCncBVKYxu6ErAVx4c="
        }
      }
    },
    "semantic-ui-icon": {
      "version": "2.2.12",
      "resolved": "https://registry.npmjs.org/semantic-ui-icon/-/semantic-ui-icon-2.2.12.tgz",
      "integrity": "sha512-oMvRjJ64VJ+QPuo6N4xVbYDz/ajB07rHDj+HZKL2C/HGKmVT2qDMUXfCKzeWxu240vAxoLryIIRshtGD29AUjg=="
    },
    "semantic-ui-image": {
      "version": "2.2.12",
      "resolved": "https://registry.npmjs.org/semantic-ui-image/-/semantic-ui-image-2.2.12.tgz",
      "integrity": "sha512-cWOKP9CseAJHTI80z/rtBg/5kOYIyizXhsM2LRhoHdVwXmbX5s3ARuAhbnDaIgpF3FxrMVRF7EgvGPDwqFTe2w=="
    }
  }
}
